{
  "name": "statgit2",
  "version": "0.1.0",
  "lockfileVersion": 1,
  "requires": true,
  "dependencies": {
    "cloc": {
      "version": "2.8.0",
      "resolved": "https://registry.npmjs.org/cloc/-/cloc-2.8.0.tgz",
      "integrity": "sha512-Y2zhWNwDq7yAJ5dmbH1P7/sJ2RDDlQrzwO1fVZ2MJ2/jCRbUPQN+kgKEgHNQYxv1o7w/7hMUXiqa4u6JgIFYOQ=="
    }
  }
}
